{
  "name": "tables-web-release",
  "version": "0.1.0",
  "lockfileVersion": 2,
  "requires": true,
  "packages": {
    "": {
      "name": "tables-web-release",
      "version": "0.1.0",
      "license": "MIT",
      "dependencies": {
        "@random-tables/biome": "^1.0.1",
        "@random-tables/factions": "^1.0.2",
        "@random-tables/generator-logic": "^1.0.2",
        "@random-tables/npc-fantasy": "^1.5.2",
        "@random-tables/utility-factions": "^1.0.1",
        "@random-tables/utility-names": "^1.2.6",
        "@random-tables/utility-names-fantasy": "^1.3.1",
        "@random-tables/utility-names-historic": "^1.0.1",
        "@random-tables/utility-nature": "^1.2.1",
        "@random-tables/utility-npc": "^1.4.1",
        "@random-tables/utility-npc-fantasy": "^1.3.1",
        "@random-tables/utility-senses": "^1.10.3",
        "esbuild": "^0.16.4",
        "shx": "^0.3.4",
        "write": "^2.0.0"
      }
    },
    "node_modules/@esbuild/android-arm": {
      "version": "0.16.4",
      "resolved": "https://registry.npmjs.org/@esbuild/android-arm/-/android-arm-0.16.4.tgz",
      "integrity": "sha512-rZzb7r22m20S1S7ufIc6DC6W659yxoOrl7sKP1nCYhuvUlnCFHVSbATG4keGUtV8rDz11sRRDbWkvQZpzPaHiw==",
      "cpu": [
        "arm"
      ],
      "optional": true,
      "os": [
        "android"
      ],
      "engines": {
        "node": ">=12"
      }
    },
    "node_modules/@esbuild/android-arm64": {
      "version": "0.16.4",
      "resolved": "https://registry.npmjs.org/@esbuild/android-arm64/-/android-arm64-0.16.4.tgz",
      "integrity": "sha512-VPuTzXFm/m2fcGfN6CiwZTlLzxrKsWbPkG7ArRFpuxyaHUm/XFHQPD4xNwZT6uUmpIHhnSjcaCmcla8COzmZ5Q==",
      "cpu": [
        "arm64"
      ],
      "optional": true,
      "os": [
        "android"
      ],
      "engines": {
        "node": ">=12"
      }
    },
    "node_modules/@esbuild/android-x64": {
      "version": "0.16.4",
      "resolved": "https://registry.npmjs.org/@esbuild/android-x64/-/android-x64-0.16.4.tgz",
      "integrity": "sha512-MW+B2O++BkcOfMWmuHXB15/l1i7wXhJFqbJhp82IBOais8RBEQv2vQz/jHrDEHaY2X0QY7Wfw86SBL2PbVOr0g==",
      "cpu": [
        "x64"
      ],
      "optional": true,
      "os": [
        "android"
      ],
      "engines": {
        "node": ">=12"
      }
    },
    "node_modules/@esbuild/darwin-arm64": {
      "version": "0.16.4",
      "resolved": "https://registry.npmjs.org/@esbuild/darwin-arm64/-/darwin-arm64-0.16.4.tgz",
      "integrity": "sha512-a28X1O//aOfxwJVZVs7ZfM8Tyih2Za4nKJrBwW5Wm4yKsnwBy9aiS/xwpxiiTRttw3EaTg4Srerhcm6z0bu9Wg==",
      "cpu": [
        "arm64"
      ],
      "optional": true,
      "os": [
        "darwin"
      ],
      "engines": {
        "node": ">=12"
      }
    },
    "node_modules/@esbuild/darwin-x64": {
      "version": "0.16.4",
      "resolved": "https://registry.npmjs.org/@esbuild/darwin-x64/-/darwin-x64-0.16.4.tgz",
      "integrity": "sha512-e3doCr6Ecfwd7VzlaQqEPrnbvvPjE9uoTpxG5pyLzr2rI2NMjDHmvY1E5EO81O/e9TUOLLkXA5m6T8lfjK9yAA==",
      "cpu": [
        "x64"
      ],
      "optional": true,
      "os": [
        "darwin"
      ],
      "engines": {
        "node": ">=12"
      }
    },
    "node_modules/@esbuild/freebsd-arm64": {
      "version": "0.16.4",
      "resolved": "https://registry.npmjs.org/@esbuild/freebsd-arm64/-/freebsd-arm64-0.16.4.tgz",
      "integrity": "sha512-Oup3G/QxBgvvqnXWrBed7xxkFNwAwJVHZcklWyQt7YCAL5bfUkaa6FVWnR78rNQiM8MqqLiT6ZTZSdUFuVIg1w==",
      "cpu": [
        "arm64"
      ],
      "optional": true,
      "os": [
        "freebsd"
      ],
      "engines": {
        "node": ">=12"
      }
    },
    "node_modules/@esbuild/freebsd-x64": {
      "version": "0.16.4",
      "resolved": "https://registry.npmjs.org/@esbuild/freebsd-x64/-/freebsd-x64-0.16.4.tgz",
      "integrity": "sha512-vAP+eYOxlN/Bpo/TZmzEQapNS8W1njECrqkTpNgvXskkkJC2AwOXwZWai/Kc2vEFZUXQttx6UJbj9grqjD/+9Q==",
      "cpu": [
        "x64"
      ],
      "optional": true,
      "os": [
        "freebsd"
      ],
      "engines": {
        "node": ">=12"
      }
    },
    "node_modules/@esbuild/linux-arm": {
      "version": "0.16.4",
      "resolved": "https://registry.npmjs.org/@esbuild/linux-arm/-/linux-arm-0.16.4.tgz",
      "integrity": "sha512-A47ZmtpIPyERxkSvIv+zLd6kNIOtJH03XA0Hy7jaceRDdQaQVGSDt4mZqpWqJYgDk9rg96aglbF6kCRvPGDSUA==",
      "cpu": [
        "arm"
      ],
      "optional": true,
      "os": [
        "linux"
      ],
      "engines": {
        "node": ">=12"
      }
    },
    "node_modules/@esbuild/linux-arm64": {
      "version": "0.16.4",
      "resolved": "https://registry.npmjs.org/@esbuild/linux-arm64/-/linux-arm64-0.16.4.tgz",
      "integrity": "sha512-2zXoBhv4r5pZiyjBKrOdFP4CXOChxXiYD50LRUU+65DkdS5niPFHbboKZd/c81l0ezpw7AQnHeoCy5hFrzzs4g==",
      "cpu": [
        "arm64"
      ],
      "optional": true,
      "os": [
        "linux"
      ],
      "engines": {
        "node": ">=12"
      }
    },
    "node_modules/@esbuild/linux-ia32": {
      "version": "0.16.4",
      "resolved": "https://registry.npmjs.org/@esbuild/linux-ia32/-/linux-ia32-0.16.4.tgz",
      "integrity": "sha512-uxdSrpe9wFhz4yBwt2kl2TxS/NWEINYBUFIxQtaEVtglm1eECvsj1vEKI0KX2k2wCe17zDdQ3v+jVxfwVfvvjw==",
      "cpu": [
        "ia32"
      ],
      "optional": true,
      "os": [
        "linux"
      ],
      "engines": {
        "node": ">=12"
      }
    },
    "node_modules/@esbuild/linux-loong64": {
      "version": "0.16.4",
      "resolved": "https://registry.npmjs.org/@esbuild/linux-loong64/-/linux-loong64-0.16.4.tgz",
      "integrity": "sha512-peDrrUuxbZ9Jw+DwLCh/9xmZAk0p0K1iY5d2IcwmnN+B87xw7kujOkig6ZRcZqgrXgeRGurRHn0ENMAjjD5DEg==",
      "cpu": [
        "loong64"
      ],
      "optional": true,
      "os": [
        "linux"
      ],
      "engines": {
        "node": ">=12"
      }
    },
    "node_modules/@esbuild/linux-mips64el": {
      "version": "0.16.4",
      "resolved": "https://registry.npmjs.org/@esbuild/linux-mips64el/-/linux-mips64el-0.16.4.tgz",
      "integrity": "sha512-sD9EEUoGtVhFjjsauWjflZklTNr57KdQ6xfloO4yH1u7vNQlOfAlhEzbyBKfgbJlW7rwXYBdl5/NcZ+Mg2XhQA==",
      "cpu": [
        "mips64el"
      ],
      "optional": true,
      "os": [
        "linux"
      ],
      "engines": {
        "node": ">=12"
      }
    },
    "node_modules/@esbuild/linux-ppc64": {
      "version": "0.16.4",
      "resolved": "https://registry.npmjs.org/@esbuild/linux-ppc64/-/linux-ppc64-0.16.4.tgz",
      "integrity": "sha512-X1HSqHUX9D+d0l6/nIh4ZZJ94eQky8d8z6yxAptpZE3FxCWYWvTDd9X9ST84MGZEJx04VYUD/AGgciddwO0b8g==",
      "cpu": [
        "ppc64"
      ],
      "optional": true,
      "os": [
        "linux"
      ],
      "engines": {
        "node": ">=12"
      }
    },
    "node_modules/@esbuild/linux-riscv64": {
      "version": "0.16.4",
      "resolved": "https://registry.npmjs.org/@esbuild/linux-riscv64/-/linux-riscv64-0.16.4.tgz",
      "integrity": "sha512-97ANpzyNp0GTXCt6SRdIx1ngwncpkV/z453ZuxbnBROCJ5p/55UjhbaG23UdHj88fGWLKPFtMoU4CBacz4j9FA==",
      "cpu": [
        "riscv64"
      ],
      "optional": true,
      "os": [
        "linux"
      ],
      "engines": {
        "node": ">=12"
      }
    },
    "node_modules/@esbuild/linux-s390x": {
      "version": "0.16.4",
      "resolved": "https://registry.npmjs.org/@esbuild/linux-s390x/-/linux-s390x-0.16.4.tgz",
      "integrity": "sha512-pUvPQLPmbEeJRPjP0DYTC1vjHyhrnCklQmCGYbipkep+oyfTn7GTBJXoPodR7ZS5upmEyc8lzAkn2o29wD786A==",
      "cpu": [
        "s390x"
      ],
      "optional": true,
      "os": [
        "linux"
      ],
      "engines": {
        "node": ">=12"
      }
    },
    "node_modules/@esbuild/linux-x64": {
      "version": "0.16.4",
      "resolved": "https://registry.npmjs.org/@esbuild/linux-x64/-/linux-x64-0.16.4.tgz",
      "integrity": "sha512-N55Q0mJs3Sl8+utPRPBrL6NLYZKBCLLx0bme/+RbjvMforTGGzFvsRl4xLTZMUBFC1poDzBEPTEu5nxizQ9Nlw==",
      "cpu": [
        "x64"
      ],
      "optional": true,
      "os": [
        "linux"
      ],
      "engines": {
        "node": ">=12"
      }
    },
    "node_modules/@esbuild/netbsd-x64": {
      "version": "0.16.4",
      "resolved": "https://registry.npmjs.org/@esbuild/netbsd-x64/-/netbsd-x64-0.16.4.tgz",
      "integrity": "sha512-LHSJLit8jCObEQNYkgsDYBh2JrJT53oJO2HVdkSYLa6+zuLJh0lAr06brXIkljrlI+N7NNW1IAXGn/6IZPi3YQ==",
      "cpu": [
        "x64"
      ],
      "optional": true,
      "os": [
        "netbsd"
      ],
      "engines": {
        "node": ">=12"
      }
    },
    "node_modules/@esbuild/openbsd-x64": {
      "version": "0.16.4",
      "resolved": "https://registry.npmjs.org/@esbuild/openbsd-x64/-/openbsd-x64-0.16.4.tgz",
      "integrity": "sha512-nLgdc6tWEhcCFg/WVFaUxHcPK3AP/bh+KEwKtl69Ay5IBqUwKDaq/6Xk0E+fh/FGjnLwqFSsarsbPHeKM8t8Sw==",
      "cpu": [
        "x64"
      ],
      "optional": true,
      "os": [
        "openbsd"
      ],
      "engines": {
        "node": ">=12"
      }
    },
    "node_modules/@esbuild/sunos-x64": {
      "version": "0.16.4",
      "resolved": "https://registry.npmjs.org/@esbuild/sunos-x64/-/sunos-x64-0.16.4.tgz",
      "integrity": "sha512-08SluG24GjPO3tXKk95/85n9kpyZtXCVwURR2i4myhrOfi3jspClV0xQQ0W0PYWHioJj+LejFMt41q+PG3mlAQ==",
      "cpu": [
        "x64"
      ],
      "optional": true,
      "os": [
        "sunos"
      ],
      "engines": {
        "node": ">=12"
      }
    },
    "node_modules/@esbuild/win32-arm64": {
      "version": "0.16.4",
      "resolved": "https://registry.npmjs.org/@esbuild/win32-arm64/-/win32-arm64-0.16.4.tgz",
      "integrity": "sha512-yYiRDQcqLYQSvNQcBKN7XogbrSvBE45FEQdH8fuXPl7cngzkCvpsG2H9Uey39IjQ6gqqc+Q4VXYHsQcKW0OMjQ==",
      "cpu": [
        "arm64"
      ],
      "optional": true,
      "os": [
        "win32"
      ],
      "engines": {
        "node": ">=12"
      }
    },
    "node_modules/@esbuild/win32-ia32": {
      "version": "0.16.4",
      "resolved": "https://registry.npmjs.org/@esbuild/win32-ia32/-/win32-ia32-0.16.4.tgz",
      "integrity": "sha512-5rabnGIqexekYkh9zXG5waotq8mrdlRoBqAktjx2W3kb0zsI83mdCwrcAeKYirnUaTGztR5TxXcXmQrEzny83w==",
      "cpu": [
        "ia32"
      ],
      "optional": true,
      "os": [
        "win32"
      ],
      "engines": {
        "node": ">=12"
      }
    },
    "node_modules/@esbuild/win32-x64": {
      "version": "0.16.4",
      "resolved": "https://registry.npmjs.org/@esbuild/win32-x64/-/win32-x64-0.16.4.tgz",
      "integrity": "sha512-sN/I8FMPtmtT2Yw+Dly8Ur5vQ5a/RmC8hW7jO9PtPSQUPkowxWpcUZnqOggU7VwyT3Xkj6vcXWd3V/qTXwultQ==",
      "cpu": [
        "x64"
      ],
      "optional": true,
      "os": [
        "win32"
      ],
      "engines": {
        "node": ">=12"
      }
    },
    "node_modules/@random-tables/biome": {
      "version": "1.0.1",
      "resolved": "https://registry.npmjs.org/@random-tables/biome/-/biome-1.0.1.tgz",
      "integrity": "sha512-iVyfJCSDOTC8r7AZvIyzsY6UpKfuRtH4wOmaSR0kpZ/yKh/7UVlA9LTPQmhJmTAKBVyjK+nNrdLbOBhxDwS8FA==",
      "dependencies": {
        "@random-tables/utility-nature": "^1.2.1"
      }
    },
    "node_modules/@random-tables/factions": {
      "version": "1.0.2",
      "resolved": "https://registry.npmjs.org/@random-tables/factions/-/factions-1.0.2.tgz",
      "integrity": "sha512-TxcKKue1c50cojC7Vi7cqpU74Mm9ET7lb0WOz9XqO6yxNTqzsorXlm62Vmn3VsW0kxvV0ORSEm/P8L9n6y0YiQ==",
      "dependencies": {
        "@random-tables/utility-factions": "^1.0.0",
        "@random-tables/utility-npc-fantasy": "^1.3.1"
      }
    },
    "node_modules/@random-tables/generator-logic": {
      "version": "1.0.2",
      "resolved": "https://registry.npmjs.org/@random-tables/generator-logic/-/generator-logic-1.0.2.tgz",
      "integrity": "sha512-NVGq0ZEAkjcyFGChAitylJi2cjBPxeMY4RbCe6GupQ3OgWLCAvuHO/HZb2rFIVyI0akJtRIcLZnGoMWHzATOHQ=="
    },
    "node_modules/@random-tables/npc-fantasy": {
      "version": "1.5.2",
      "resolved": "https://registry.npmjs.org/@random-tables/npc-fantasy/-/npc-fantasy-1.5.2.tgz",
      "integrity": "sha512-YP94mhhM+EPrMiXbtnBvO8xRDcCWzI+y4R9MWxV8I0yHyN3Ko6Q/SJoy4Jm9C0TheUr1ZNO/xoQa8fIiGXSD0g==",
      "dependencies": {
        "@random-tables/utility-names-fantasy": "1.3",
        "@random-tables/utility-npc": "1.4",
        "@random-tables/utility-npc-fantasy": "1.3",
        "@random-tables/utility-senses": "1.10"
      }
    },
    "node_modules/@random-tables/utility-factions": {
      "version": "1.0.1",
      "resolved": "https://registry.npmjs.org/@random-tables/utility-factions/-/utility-factions-1.0.1.tgz",
      "integrity": "sha512-0u5wE530og2n8AXJDcXB6Pd0WnBTaREE2zrwAEeMohRvjdR1z0tAsh/NOYwRM4wegrX19LS7ONXCd62CWfLnXQ==",
      "dependencies": {
        "@random-tables/utility-senses": "^1.10.3"
      }
    },
    "node_modules/@random-tables/utility-names": {
      "version": "1.2.6",
      "resolved": "https://registry.npmjs.org/@random-tables/utility-names/-/utility-names-1.2.6.tgz",
      "integrity": "sha512-EcAM1KKrbhfA+EqCONGp81tN+VwShlpEveNySZTe737W1ayt9717G6dcAo6bsLqRhnQuJtHpi+lvrLiSkbP02Q=="
    },
    "node_modules/@random-tables/utility-names-fantasy": {
      "version": "1.3.1",
      "resolved": "https://registry.npmjs.org/@random-tables/utility-names-fantasy/-/utility-names-fantasy-1.3.1.tgz",
      "integrity": "sha512-jXUwRy2rHtGvVseDXTBdEd1Vj07qo+7fLgNH+/0I7uzSt5BBoDQcucDjlKx90NxqDXv7bdgObr/NssOjeuTPiA=="
    },
    "node_modules/@random-tables/utility-names-historic": {
      "version": "1.0.1",
      "resolved": "https://registry.npmjs.org/@random-tables/utility-names-historic/-/utility-names-historic-1.0.1.tgz",
      "integrity": "sha512-1XlqGJb0nUaeXW+fo1DkaarPYZQCcHhna78DaVwMI/Q3BCoW/nOswc6XcWE8WcNyuJmDxMzz2stDTQntg6FQ2A=="
    },
    "node_modules/@random-tables/utility-nature": {
      "version": "1.2.1",
      "resolved": "https://registry.npmjs.org/@random-tables/utility-nature/-/utility-nature-1.2.1.tgz",
      "integrity": "sha512-kMhf3wU8eMiLkL2tOE7NmiVte31XLxiaVRNdORIXoryCNKPsE02ENwH9MObM+l1IRKJ8sN4vnTBa4+tsUZwTeA=="
    },
    "node_modules/@random-tables/utility-npc": {
      "version": "1.4.1",
      "resolved": "https://registry.npmjs.org/@random-tables/utility-npc/-/utility-npc-1.4.1.tgz",
      "integrity": "sha512-fYrfpQnowCNV3T/0eb54RiVzu4fQv1b+nmeLiUxE9CJGyYpHmlONFvFBSzgDhNDisHBJOK2aTF14mbMTuuMWgw=="
    },
    "node_modules/@random-tables/utility-npc-fantasy": {
      "version": "1.3.1",
      "resolved": "https://registry.npmjs.org/@random-tables/utility-npc-fantasy/-/utility-npc-fantasy-1.3.1.tgz",
      "integrity": "sha512-6xbCybX2HcVjNU/DOKnBvRsJd9EWzVzkJu0NBhYZwdZVAGd+smhZ0Hrv/O1ZtoUyXpxXxivOT671fD/Odog6WA=="
    },
    "node_modules/@random-tables/utility-senses": {
      "version": "1.10.3",
      "resolved": "https://registry.npmjs.org/@random-tables/utility-senses/-/utility-senses-1.10.3.tgz",
      "integrity": "sha512-QHmB49bhQN43YzwTBGrUCgExmmUrWGEG0OIOwoZuEZYKkeKEGnlbIPYWAoO4BT4iwcPG1XAtiDJRjqFoEpjC6w=="
    },
    "node_modules/add-filename-increment": {
      "version": "1.0.0",
      "resolved": "https://registry.npmjs.org/add-filename-increment/-/add-filename-increment-1.0.0.tgz",
      "integrity": "sha512-pFV8VZX8jxuVMIycKvGZkWF/ihnUubu9lbQVnOnZWp7noVxbKQTNj7zG2y9fXdPcuZ6lAN3Drr517HaivGCjdQ==",
      "dependencies": {
        "strip-filename-increment": "^2.0.1"
      },
      "engines": {
        "node": ">=8"
      }
    },
    "node_modules/balanced-match": {
      "version": "1.0.2",
      "resolved": "https://registry.npmjs.org/balanced-match/-/balanced-match-1.0.2.tgz",
      "integrity": "sha512-3oSeUO0TMV67hN1AmbXsK4yaqU7tjiHlbxRDZOpH0KW9+CeX4bRAaX0Anxt0tx2MrpRpWwQaPwIlISEJhYU5Pw=="
    },
    "node_modules/brace-expansion": {
      "version": "1.1.11",
      "resolved": "https://registry.npmjs.org/brace-expansion/-/brace-expansion-1.1.11.tgz",
      "integrity": "sha512-iCuPHDFgrHX7H2vEI/5xpz07zSHB00TpugqhmYtVmMO6518mCuRMoOYFldEBl0g187ufozdaHgWKcYFb61qGiA==",
      "dependencies": {
        "balanced-match": "^1.0.0",
        "concat-map": "0.0.1"
      }
    },
    "node_modules/concat-map": {
      "version": "0.0.1",
      "resolved": "https://registry.npmjs.org/concat-map/-/concat-map-0.0.1.tgz",
      "integrity": "sha512-/Srv4dswyQNBfohGpz9o6Yb3Gz3SrUDqBH5rTuhGR7ahtlbYKnVxw2bCFMRljaA7EXHaXZ8wsHdodFvbkhKmqg=="
    },
    "node_modules/esbuild": {
      "version": "0.16.4",
      "resolved": "https://registry.npmjs.org/esbuild/-/esbuild-0.16.4.tgz",
      "integrity": "sha512-qQrPMQpPTWf8jHugLWHoGqZjApyx3OEm76dlTXobHwh/EBbavbRdjXdYi/GWr43GyN0sfpap14GPkb05NH3ROA==",
      "hasInstallScript": true,
      "bin": {
        "esbuild": "bin/esbuild"
      },
      "engines": {
        "node": ">=12"
      },
      "optionalDependencies": {
        "@esbuild/android-arm": "0.16.4",
        "@esbuild/android-arm64": "0.16.4",
        "@esbuild/android-x64": "0.16.4",
        "@esbuild/darwin-arm64": "0.16.4",
        "@esbuild/darwin-x64": "0.16.4",
        "@esbuild/freebsd-arm64": "0.16.4",
        "@esbuild/freebsd-x64": "0.16.4",
        "@esbuild/linux-arm": "0.16.4",
        "@esbuild/linux-arm64": "0.16.4",
        "@esbuild/linux-ia32": "0.16.4",
        "@esbuild/linux-loong64": "0.16.4",
        "@esbuild/linux-mips64el": "0.16.4",
        "@esbuild/linux-ppc64": "0.16.4",
        "@esbuild/linux-riscv64": "0.16.4",
        "@esbuild/linux-s390x": "0.16.4",
        "@esbuild/linux-x64": "0.16.4",
        "@esbuild/netbsd-x64": "0.16.4",
        "@esbuild/openbsd-x64": "0.16.4",
        "@esbuild/sunos-x64": "0.16.4",
        "@esbuild/win32-arm64": "0.16.4",
        "@esbuild/win32-ia32": "0.16.4",
        "@esbuild/win32-x64": "0.16.4"
      }
    },
    "node_modules/fs.realpath": {
      "version": "1.0.0",
      "resolved": "https://registry.npmjs.org/fs.realpath/-/fs.realpath-1.0.0.tgz",
      "integrity": "sha512-OO0pH2lK6a0hZnAdau5ItzHPI6pUlvI7jMVnxUQRtw4owF2wk8lOSabtGDCTP4Ggrg2MbGnWO9X8K1t4+fGMDw=="
    },
    "node_modules/function-bind": {
      "version": "1.1.1",
      "resolved": "https://registry.npmjs.org/function-bind/-/function-bind-1.1.1.tgz",
      "integrity": "sha512-yIovAzMX49sF8Yl58fSCWJ5svSLuaibPxXQJFLmBObTuCr0Mf1KiPopGM9NiFjiYBCbfaa2Fh6breQ6ANVTI0A=="
    },
    "node_modules/glob": {
      "version": "7.2.3",
      "resolved": "https://registry.npmjs.org/glob/-/glob-7.2.3.tgz",
      "integrity": "sha512-nFR0zLpU2YCaRxwoCJvL6UvCH2JFyFVIvwTLsIf21AuHlMskA1hhTdk+LlYJtOlYt9v6dvszD2BGRqBL+iQK9Q==",
      "dependencies": {
        "fs.realpath": "^1.0.0",
        "inflight": "^1.0.4",
        "inherits": "2",
        "minimatch": "^3.1.1",
        "once": "^1.3.0",
        "path-is-absolute": "^1.0.0"
      },
      "engines": {
        "node": "*"
      },
      "funding": {
        "url": "https://github.com/sponsors/isaacs"
      }
    },
    "node_modules/has": {
      "version": "1.0.3",
      "resolved": "https://registry.npmjs.org/has/-/has-1.0.3.tgz",
      "integrity": "sha512-f2dvO0VU6Oej7RkWJGrehjbzMAjFp5/VKPp5tTpWIV4JHHZK1/BxbFRtf/siA2SWTe09caDmVtYYzWEIbBS4zw==",
      "dependencies": {
        "function-bind": "^1.1.1"
      },
      "engines": {
        "node": ">= 0.4.0"
      }
    },
    "node_modules/inflight": {
      "version": "1.0.6",
      "resolved": "https://registry.npmjs.org/inflight/-/inflight-1.0.6.tgz",
      "integrity": "sha512-k92I/b08q4wvFscXCLvqfsHCrjrF7yiXsQuIVvVE7N82W3+aqpzuUdBbfhWcy/FZR3/4IgflMgKLOsvPDrGCJA==",
      "dependencies": {
        "once": "^1.3.0",
        "wrappy": "1"
      }
    },
    "node_modules/inherits": {
      "version": "2.0.4",
      "resolved": "https://registry.npmjs.org/inherits/-/inherits-2.0.4.tgz",
      "integrity": "sha512-k/vGaX4/Yla3WzyMCvTQOXYeIHvqOKtnqBduzTHpzpQZzAskKMhZ2K+EnBiSM9zGSoIFeMpXKxa4dYeZIQqewQ=="
    },
    "node_modules/interpret": {
      "version": "1.4.0",
      "resolved": "https://registry.npmjs.org/interpret/-/interpret-1.4.0.tgz",
      "integrity": "sha512-agE4QfB2Lkp9uICn7BAqoscw4SZP9kTE2hxiFI3jBPmXJfdqiahTbUuKGsMoN2GtqL9AxhYioAcVvgsb1HvRbA==",
      "engines": {
        "node": ">= 0.10"
      }
    },
    "node_modules/is-core-module": {
      "version": "2.11.0",
      "resolved": "https://registry.npmjs.org/is-core-module/-/is-core-module-2.11.0.tgz",
      "integrity": "sha512-RRjxlvLDkD1YJwDbroBHMb+cukurkDWNyHx7D3oNB5x9rb5ogcksMC5wHCadcXoo67gVr/+3GFySh3134zi6rw==",
      "dependencies": {
        "has": "^1.0.3"
      },
      "funding": {
        "url": "https://github.com/sponsors/ljharb"
      }
    },
    "node_modules/minimatch": {
      "version": "3.1.2",
      "resolved": "https://registry.npmjs.org/minimatch/-/minimatch-3.1.2.tgz",
      "integrity": "sha512-J7p63hRiAjw1NDEww1W7i37+ByIrOWO5XQQAzZ3VOcL0PNybwpfmV/N05zFAzwQ9USyEcX6t3UO+K5aqBQOIHw==",
      "dependencies": {
        "brace-expansion": "^1.1.7"
      },
      "engines": {
        "node": "*"
      }
    },
    "node_modules/minimist": {
      "version": "1.2.7",
      "resolved": "https://registry.npmjs.org/minimist/-/minimist-1.2.7.tgz",
      "integrity": "sha512-bzfL1YUZsP41gmu/qjrEk0Q6i2ix/cVeAhbCbqH9u3zYutS1cLg00qhrD0M2MVdCcx4Sc0UpP2eBWo9rotpq6g==",
      "funding": {
        "url": "https://github.com/sponsors/ljharb"
      }
    },
    "node_modules/once": {
      "version": "1.4.0",
      "resolved": "https://registry.npmjs.org/once/-/once-1.4.0.tgz",
      "integrity": "sha512-lNaJgI+2Q5URQBkccEKHTQOPaXdUxnZZElQTZY0MFUAuaEqe1E+Nyvgdz/aIyNi6Z9MzO5dv1H8n58/GELp3+w==",
      "dependencies": {
        "wrappy": "1"
      }
    },
    "node_modules/path-is-absolute": {
      "version": "1.0.1",
      "resolved": "https://registry.npmjs.org/path-is-absolute/-/path-is-absolute-1.0.1.tgz",
      "integrity": "sha512-AVbw3UJ2e9bq64vSaS9Am0fje1Pa8pbGqTTsmXfaIiMpnr5DlDhfJOuLj9Sf95ZPVDAUerDfEk88MPmPe7UCQg==",
      "engines": {
        "node": ">=0.10.0"
      }
    },
    "node_modules/path-parse": {
      "version": "1.0.7",
      "resolved": "https://registry.npmjs.org/path-parse/-/path-parse-1.0.7.tgz",
      "integrity": "sha512-LDJzPVEEEPR+y48z93A0Ed0yXb8pAByGWo/k5YYdYgpY2/2EsOsksJrq7lOHxryrVOn1ejG6oAp8ahvOIQD8sw=="
    },
    "node_modules/rechoir": {
      "version": "0.6.2",
      "resolved": "https://registry.npmjs.org/rechoir/-/rechoir-0.6.2.tgz",
      "integrity": "sha512-HFM8rkZ+i3zrV+4LQjwQ0W+ez98pApMGM3HUrN04j3CqzPOzl9nmP15Y8YXNm8QHGv/eacOVEjqhmWpkRV0NAw==",
      "dependencies": {
        "resolve": "^1.1.6"
      },
      "engines": {
        "node": ">= 0.10"
      }
    },
    "node_modules/resolve": {
      "version": "1.22.1",
      "resolved": "https://registry.npmjs.org/resolve/-/resolve-1.22.1.tgz",
      "integrity": "sha512-nBpuuYuY5jFsli/JIs1oldw6fOQCBioohqWZg/2hiaOybXOft4lonv85uDOKXdf8rhyK159cxU5cDcK/NKk8zw==",
      "dependencies": {
        "is-core-module": "^2.9.0",
        "path-parse": "^1.0.7",
        "supports-preserve-symlinks-flag": "^1.0.0"
      },
      "bin": {
        "resolve": "bin/resolve"
      },
      "funding": {
        "url": "https://github.com/sponsors/ljharb"
      }
    },
    "node_modules/shelljs": {
      "version": "0.8.5",
      "resolved": "https://registry.npmjs.org/shelljs/-/shelljs-0.8.5.tgz",
      "integrity": "sha512-TiwcRcrkhHvbrZbnRcFYMLl30Dfov3HKqzp5tO5b4pt6G/SezKcYhmDg15zXVBswHmctSAQKznqNW2LO5tTDow==",
      "dependencies": {
        "glob": "^7.0.0",
        "interpret": "^1.0.0",
        "rechoir": "^0.6.2"
      },
      "bin": {
        "shjs": "bin/shjs"
      },
      "engines": {
        "node": ">=4"
      }
    },
    "node_modules/shx": {
      "version": "0.3.4",
      "resolved": "https://registry.npmjs.org/shx/-/shx-0.3.4.tgz",
      "integrity": "sha512-N6A9MLVqjxZYcVn8hLmtneQWIJtp8IKzMP4eMnx+nqkvXoqinUPCbUFLp2UcWTEIUONhlk0ewxr/jaVGlc+J+g==",
      "dependencies": {
        "minimist": "^1.2.3",
        "shelljs": "^0.8.5"
      },
      "bin": {
        "shx": "lib/cli.js"
      },
      "engines": {
        "node": ">=6"
      }
    },
    "node_modules/strip-filename-increment": {
      "version": "2.0.1",
      "resolved": "https://registry.npmjs.org/strip-filename-increment/-/strip-filename-increment-2.0.1.tgz",
      "integrity": "sha512-+v5xsiTTsdYqkPj7qz1zlngIsjZedhHDi3xp/9bMurV8kXe9DAr732gNVqtt4X8sI3hOqS3nlFfps5gyVcux6w==",
      "engines": {
        "node": ">=8"
      }
    },
    "node_modules/supports-preserve-symlinks-flag": {
      "version": "1.0.0",
      "resolved": "https://registry.npmjs.org/supports-preserve-symlinks-flag/-/supports-preserve-symlinks-flag-1.0.0.tgz",
      "integrity": "sha512-ot0WnXS9fgdkgIcePe6RHNk1WA8+muPa6cSjeR3V8K27q9BB1rTE3R1p7Hv0z1ZyAc8s6Vvv8DIyWf681MAt0w==",
      "engines": {
        "node": ">= 0.4"
      },
      "funding": {
        "url": "https://github.com/sponsors/ljharb"
      }
    },
    "node_modules/wrappy": {
      "version": "1.0.2",
      "resolved": "https://registry.npmjs.org/wrappy/-/wrappy-1.0.2.tgz",
      "integrity": "sha512-l4Sp/DRseor9wL6EvV2+TuQn63dMkPjZ/sp9XkghTEbV9KlPS1xUsZ3u7/IQO4wxtcFB4bgpQPRcR3QCvezPcQ=="
    },
    "node_modules/write": {
      "version": "2.0.0",
      "resolved": "https://registry.npmjs.org/write/-/write-2.0.0.tgz",
      "integrity": "sha512-yam9TAqN8sAZokECAejo9HpT2j2s39OgK8i8yxadrFBVo+iSWLfnipRVFulfAw1d2dz5vSuGmlMHYRKG4fysOA==",
      "dependencies": {
        "add-filename-increment": "^1.0.0"
      },
      "engines": {
        "node": ">=10"
      }
    }
  },
  "dependencies": {
    "@esbuild/android-arm": {
      "version": "0.16.4",
      "resolved": "https://registry.npmjs.org/@esbuild/android-arm/-/android-arm-0.16.4.tgz",
      "integrity": "sha512-rZzb7r22m20S1S7ufIc6DC6W659yxoOrl7sKP1nCYhuvUlnCFHVSbATG4keGUtV8rDz11sRRDbWkvQZpzPaHiw==",
      "optional": true
    },
    "@esbuild/android-arm64": {
      "version": "0.16.4",
      "resolved": "https://registry.npmjs.org/@esbuild/android-arm64/-/android-arm64-0.16.4.tgz",
      "integrity": "sha512-VPuTzXFm/m2fcGfN6CiwZTlLzxrKsWbPkG7ArRFpuxyaHUm/XFHQPD4xNwZT6uUmpIHhnSjcaCmcla8COzmZ5Q==",
      "optional": true
    },
    "@esbuild/android-x64": {
      "version": "0.16.4",
      "resolved": "https://registry.npmjs.org/@esbuild/android-x64/-/android-x64-0.16.4.tgz",
      "integrity": "sha512-MW+B2O++BkcOfMWmuHXB15/l1i7wXhJFqbJhp82IBOais8RBEQv2vQz/jHrDEHaY2X0QY7Wfw86SBL2PbVOr0g==",
      "optional": true
    },
    "@esbuild/darwin-arm64": {
      "version": "0.16.4",
      "resolved": "https://registry.npmjs.org/@esbuild/darwin-arm64/-/darwin-arm64-0.16.4.tgz",
      "integrity": "sha512-a28X1O//aOfxwJVZVs7ZfM8Tyih2Za4nKJrBwW5Wm4yKsnwBy9aiS/xwpxiiTRttw3EaTg4Srerhcm6z0bu9Wg==",
      "optional": true
    },
    "@esbuild/darwin-x64": {
      "version": "0.16.4",
      "resolved": "https://registry.npmjs.org/@esbuild/darwin-x64/-/darwin-x64-0.16.4.tgz",
      "integrity": "sha512-e3doCr6Ecfwd7VzlaQqEPrnbvvPjE9uoTpxG5pyLzr2rI2NMjDHmvY1E5EO81O/e9TUOLLkXA5m6T8lfjK9yAA==",
      "optional": true
    },
    "@esbuild/freebsd-arm64": {
      "version": "0.16.4",
      "resolved": "https://registry.npmjs.org/@esbuild/freebsd-arm64/-/freebsd-arm64-0.16.4.tgz",
      "integrity": "sha512-Oup3G/QxBgvvqnXWrBed7xxkFNwAwJVHZcklWyQt7YCAL5bfUkaa6FVWnR78rNQiM8MqqLiT6ZTZSdUFuVIg1w==",
      "optional": true
    },
    "@esbuild/freebsd-x64": {
      "version": "0.16.4",
      "resolved": "https://registry.npmjs.org/@esbuild/freebsd-x64/-/freebsd-x64-0.16.4.tgz",
      "integrity": "sha512-vAP+eYOxlN/Bpo/TZmzEQapNS8W1njECrqkTpNgvXskkkJC2AwOXwZWai/Kc2vEFZUXQttx6UJbj9grqjD/+9Q==",
      "optional": true
    },
    "@esbuild/linux-arm": {
      "version": "0.16.4",
      "resolved": "https://registry.npmjs.org/@esbuild/linux-arm/-/linux-arm-0.16.4.tgz",
      "integrity": "sha512-A47ZmtpIPyERxkSvIv+zLd6kNIOtJH03XA0Hy7jaceRDdQaQVGSDt4mZqpWqJYgDk9rg96aglbF6kCRvPGDSUA==",
      "optional": true
    },
    "@esbuild/linux-arm64": {
      "version": "0.16.4",
      "resolved": "https://registry.npmjs.org/@esbuild/linux-arm64/-/linux-arm64-0.16.4.tgz",
      "integrity": "sha512-2zXoBhv4r5pZiyjBKrOdFP4CXOChxXiYD50LRUU+65DkdS5niPFHbboKZd/c81l0ezpw7AQnHeoCy5hFrzzs4g==",
      "optional": true
    },
    "@esbuild/linux-ia32": {
      "version": "0.16.4",
      "resolved": "https://registry.npmjs.org/@esbuild/linux-ia32/-/linux-ia32-0.16.4.tgz",
      "integrity": "sha512-uxdSrpe9wFhz4yBwt2kl2TxS/NWEINYBUFIxQtaEVtglm1eECvsj1vEKI0KX2k2wCe17zDdQ3v+jVxfwVfvvjw==",
      "optional": true
    },
    "@esbuild/linux-loong64": {
      "version": "0.16.4",
      "resolved": "https://registry.npmjs.org/@esbuild/linux-loong64/-/linux-loong64-0.16.4.tgz",
      "integrity": "sha512-peDrrUuxbZ9Jw+DwLCh/9xmZAk0p0K1iY5d2IcwmnN+B87xw7kujOkig6ZRcZqgrXgeRGurRHn0ENMAjjD5DEg==",
      "optional": true
    },
    "@esbuild/linux-mips64el": {
      "version": "0.16.4",
      "resolved": "https://registry.npmjs.org/@esbuild/linux-mips64el/-/linux-mips64el-0.16.4.tgz",
      "integrity": "sha512-sD9EEUoGtVhFjjsauWjflZklTNr57KdQ6xfloO4yH1u7vNQlOfAlhEzbyBKfgbJlW7rwXYBdl5/NcZ+Mg2XhQA==",
      "optional": true
    },
    "@esbuild/linux-ppc64": {
      "version": "0.16.4",
      "resolved": "https://registry.npmjs.org/@esbuild/linux-ppc64/-/linux-ppc64-0.16.4.tgz",
      "integrity": "sha512-X1HSqHUX9D+d0l6/nIh4ZZJ94eQky8d8z6yxAptpZE3FxCWYWvTDd9X9ST84MGZEJx04VYUD/AGgciddwO0b8g==",
      "optional": true
    },
    "@esbuild/linux-riscv64": {
      "version": "0.16.4",
      "resolved": "https://registry.npmjs.org/@esbuild/linux-riscv64/-/linux-riscv64-0.16.4.tgz",
      "integrity": "sha512-97ANpzyNp0GTXCt6SRdIx1ngwncpkV/z453ZuxbnBROCJ5p/55UjhbaG23UdHj88fGWLKPFtMoU4CBacz4j9FA==",
      "optional": true
    },
    "@esbuild/linux-s390x": {
      "version": "0.16.4",
      "resolved": "https://registry.npmjs.org/@esbuild/linux-s390x/-/linux-s390x-0.16.4.tgz",
      "integrity": "sha512-pUvPQLPmbEeJRPjP0DYTC1vjHyhrnCklQmCGYbipkep+oyfTn7GTBJXoPodR7ZS5upmEyc8lzAkn2o29wD786A==",
      "optional": true
    },
    "@esbuild/linux-x64": {
      "version": "0.16.4",
      "resolved": "https://registry.npmjs.org/@esbuild/linux-x64/-/linux-x64-0.16.4.tgz",
      "integrity": "sha512-N55Q0mJs3Sl8+utPRPBrL6NLYZKBCLLx0bme/+RbjvMforTGGzFvsRl4xLTZMUBFC1poDzBEPTEu5nxizQ9Nlw==",
      "optional": true
    },
    "@esbuild/netbsd-x64": {
      "version": "0.16.4",
      "resolved": "https://registry.npmjs.org/@esbuild/netbsd-x64/-/netbsd-x64-0.16.4.tgz",
      "integrity": "sha512-LHSJLit8jCObEQNYkgsDYBh2JrJT53oJO2HVdkSYLa6+zuLJh0lAr06brXIkljrlI+N7NNW1IAXGn/6IZPi3YQ==",
      "optional": true
    },
    "@esbuild/openbsd-x64": {
      "version": "0.16.4",
      "resolved": "https://registry.npmjs.org/@esbuild/openbsd-x64/-/openbsd-x64-0.16.4.tgz",
      "integrity": "sha512-nLgdc6tWEhcCFg/WVFaUxHcPK3AP/bh+KEwKtl69Ay5IBqUwKDaq/6Xk0E+fh/FGjnLwqFSsarsbPHeKM8t8Sw==",
      "optional": true
    },
    "@esbuild/sunos-x64": {
      "version": "0.16.4",
      "resolved": "https://registry.npmjs.org/@esbuild/sunos-x64/-/sunos-x64-0.16.4.tgz",
      "integrity": "sha512-08SluG24GjPO3tXKk95/85n9kpyZtXCVwURR2i4myhrOfi3jspClV0xQQ0W0PYWHioJj+LejFMt41q+PG3mlAQ==",
      "optional": true
    },
    "@esbuild/win32-arm64": {
      "version": "0.16.4",
      "resolved": "https://registry.npmjs.org/@esbuild/win32-arm64/-/win32-arm64-0.16.4.tgz",
      "integrity": "sha512-yYiRDQcqLYQSvNQcBKN7XogbrSvBE45FEQdH8fuXPl7cngzkCvpsG2H9Uey39IjQ6gqqc+Q4VXYHsQcKW0OMjQ==",
      "optional": true
    },
    "@esbuild/win32-ia32": {
      "version": "0.16.4",
      "resolved": "https://registry.npmjs.org/@esbuild/win32-ia32/-/win32-ia32-0.16.4.tgz",
      "integrity": "sha512-5rabnGIqexekYkh9zXG5waotq8mrdlRoBqAktjx2W3kb0zsI83mdCwrcAeKYirnUaTGztR5TxXcXmQrEzny83w==",
      "optional": true
    },
    "@esbuild/win32-x64": {
      "version": "0.16.4",
      "resolved": "https://registry.npmjs.org/@esbuild/win32-x64/-/win32-x64-0.16.4.tgz",
      "integrity": "sha512-sN/I8FMPtmtT2Yw+Dly8Ur5vQ5a/RmC8hW7jO9PtPSQUPkowxWpcUZnqOggU7VwyT3Xkj6vcXWd3V/qTXwultQ==",
      "optional": true
    },
    "@random-tables/biome": {
      "version": "1.0.1",
      "resolved": "https://registry.npmjs.org/@random-tables/biome/-/biome-1.0.1.tgz",
      "integrity": "sha512-iVyfJCSDOTC8r7AZvIyzsY6UpKfuRtH4wOmaSR0kpZ/yKh/7UVlA9LTPQmhJmTAKBVyjK+nNrdLbOBhxDwS8FA==",
      "requires": {
        "@random-tables/utility-nature": "^1.2.1"
      }
    },
    "@random-tables/factions": {
      "version": "1.0.2",
      "resolved": "https://registry.npmjs.org/@random-tables/factions/-/factions-1.0.2.tgz",
      "integrity": "sha512-TxcKKue1c50cojC7Vi7cqpU74Mm9ET7lb0WOz9XqO6yxNTqzsorXlm62Vmn3VsW0kxvV0ORSEm/P8L9n6y0YiQ==",
      "requires": {
        "@random-tables/utility-factions": "^1.0.0",
        "@random-tables/utility-npc-fantasy": "^1.3.1"
      }
    },
    "@random-tables/generator-logic": {
      "version": "1.0.2",
      "resolved": "https://registry.npmjs.org/@random-tables/generator-logic/-/generator-logic-1.0.2.tgz",
      "integrity": "sha512-NVGq0ZEAkjcyFGChAitylJi2cjBPxeMY4RbCe6GupQ3OgWLCAvuHO/HZb2rFIVyI0akJtRIcLZnGoMWHzATOHQ=="
    },
    "@random-tables/npc-fantasy": {
      "version": "1.5.2",
      "resolved": "https://registry.npmjs.org/@random-tables/npc-fantasy/-/npc-fantasy-1.5.2.tgz",
      "integrity": "sha512-YP94mhhM+EPrMiXbtnBvO8xRDcCWzI+y4R9MWxV8I0yHyN3Ko6Q/SJoy4Jm9C0TheUr1ZNO/xoQa8fIiGXSD0g==",
      "requires": {
        "@random-tables/utility-names-fantasy": "1.3",
        "@random-tables/utility-npc": "1.4",
        "@random-tables/utility-npc-fantasy": "1.3",
        "@random-tables/utility-senses": "1.10"
      }
    },
    "@random-tables/utility-factions": {
      "version": "1.0.1",
      "resolved": "https://registry.npmjs.org/@random-tables/utility-factions/-/utility-factions-1.0.1.tgz",
      "integrity": "sha512-0u5wE530og2n8AXJDcXB6Pd0WnBTaREE2zrwAEeMohRvjdR1z0tAsh/NOYwRM4wegrX19LS7ONXCd62CWfLnXQ==",
      "requires": {
        "@random-tables/utility-senses": "^1.10.3"
      }
    },
    "@random-tables/utility-names": {
      "version": "1.2.6",
      "resolved": "https://registry.npmjs.org/@random-tables/utility-names/-/utility-names-1.2.6.tgz",
      "integrity": "sha512-EcAM1KKrbhfA+EqCONGp81tN+VwShlpEveNySZTe737W1ayt9717G6dcAo6bsLqRhnQuJtHpi+lvrLiSkbP02Q=="
    },
    "@random-tables/utility-names-fantasy": {
      "version": "1.3.1",
      "resolved": "https://registry.npmjs.org/@random-tables/utility-names-fantasy/-/utility-names-fantasy-1.3.1.tgz",
      "integrity": "sha512-jXUwRy2rHtGvVseDXTBdEd1Vj07qo+7fLgNH+/0I7uzSt5BBoDQcucDjlKx90NxqDXv7bdgObr/NssOjeuTPiA=="
    },
    "@random-tables/utility-names-historic": {
      "version": "1.0.1",
      "resolved": "https://registry.npmjs.org/@random-tables/utility-names-historic/-/utility-names-historic-1.0.1.tgz",
      "integrity": "sha512-1XlqGJb0nUaeXW+fo1DkaarPYZQCcHhna78DaVwMI/Q3BCoW/nOswc6XcWE8WcNyuJmDxMzz2stDTQntg6FQ2A=="
    },
    "@random-tables/utility-nature": {
      "version": "1.2.1",
      "resolved": "https://registry.npmjs.org/@random-tables/utility-nature/-/utility-nature-1.2.1.tgz",
      "integrity": "sha512-kMhf3wU8eMiLkL2tOE7NmiVte31XLxiaVRNdORIXoryCNKPsE02ENwH9MObM+l1IRKJ8sN4vnTBa4+tsUZwTeA=="
    },
    "@random-tables/utility-npc": {
      "version": "1.4.1",
      "resolved": "https://registry.npmjs.org/@random-tables/utility-npc/-/utility-npc-1.4.1.tgz",
      "integrity": "sha512-fYrfpQnowCNV3T/0eb54RiVzu4fQv1b+nmeLiUxE9CJGyYpHmlONFvFBSzgDhNDisHBJOK2aTF14mbMTuuMWgw=="
    },
    "@random-tables/utility-npc-fantasy": {
      "version": "1.3.1",
      "resolved": "https://registry.npmjs.org/@random-tables/utility-npc-fantasy/-/utility-npc-fantasy-1.3.1.tgz",
      "integrity": "sha512-6xbCybX2HcVjNU/DOKnBvRsJd9EWzVzkJu0NBhYZwdZVAGd+smhZ0Hrv/O1ZtoUyXpxXxivOT671fD/Odog6WA=="
    },
    "@random-tables/utility-senses": {
      "version": "1.10.3",
      "resolved": "https://registry.npmjs.org/@random-tables/utility-senses/-/utility-senses-1.10.3.tgz",
      "integrity": "sha512-QHmB49bhQN43YzwTBGrUCgExmmUrWGEG0OIOwoZuEZYKkeKEGnlbIPYWAoO4BT4iwcPG1XAtiDJRjqFoEpjC6w=="
    },
    "add-filename-increment": {
      "version": "1.0.0",
      "resolved": "https://registry.npmjs.org/add-filename-increment/-/add-filename-increment-1.0.0.tgz",
      "integrity": "sha512-pFV8VZX8jxuVMIycKvGZkWF/ihnUubu9lbQVnOnZWp7noVxbKQTNj7zG2y9fXdPcuZ6lAN3Drr517HaivGCjdQ==",
      "requires": {
        "strip-filename-increment": "^2.0.1"
      }
    },
    "balanced-match": {
      "version": "1.0.2",
      "resolved": "https://registry.npmjs.org/balanced-match/-/balanced-match-1.0.2.tgz",
      "integrity": "sha512-3oSeUO0TMV67hN1AmbXsK4yaqU7tjiHlbxRDZOpH0KW9+CeX4bRAaX0Anxt0tx2MrpRpWwQaPwIlISEJhYU5Pw=="
    },
    "brace-expansion": {
      "version": "1.1.11",
      "resolved": "https://registry.npmjs.org/brace-expansion/-/brace-expansion-1.1.11.tgz",
      "integrity": "sha512-iCuPHDFgrHX7H2vEI/5xpz07zSHB00TpugqhmYtVmMO6518mCuRMoOYFldEBl0g187ufozdaHgWKcYFb61qGiA==",
      "requires": {
        "balanced-match": "^1.0.0",
        "concat-map": "0.0.1"
      }
    },
    "concat-map": {
      "version": "0.0.1",
      "resolved": "https://registry.npmjs.org/concat-map/-/concat-map-0.0.1.tgz",
      "integrity": "sha512-/Srv4dswyQNBfohGpz9o6Yb3Gz3SrUDqBH5rTuhGR7ahtlbYKnVxw2bCFMRljaA7EXHaXZ8wsHdodFvbkhKmqg=="
    },
    "esbuild": {
      "version": "0.16.4",
      "resolved": "https://registry.npmjs.org/esbuild/-/esbuild-0.16.4.tgz",
      "integrity": "sha512-qQrPMQpPTWf8jHugLWHoGqZjApyx3OEm76dlTXobHwh/EBbavbRdjXdYi/GWr43GyN0sfpap14GPkb05NH3ROA==",
      "requires": {
        "@esbuild/android-arm": "0.16.4",
        "@esbuild/android-arm64": "0.16.4",
        "@esbuild/android-x64": "0.16.4",
        "@esbuild/darwin-arm64": "0.16.4",
        "@esbuild/darwin-x64": "0.16.4",
        "@esbuild/freebsd-arm64": "0.16.4",
        "@esbuild/freebsd-x64": "0.16.4",
        "@esbuild/linux-arm": "0.16.4",
        "@esbuild/linux-arm64": "0.16.4",
        "@esbuild/linux-ia32": "0.16.4",
        "@esbuild/linux-loong64": "0.16.4",
        "@esbuild/linux-mips64el": "0.16.4",
        "@esbuild/linux-ppc64": "0.16.4",
        "@esbuild/linux-riscv64": "0.16.4",
        "@esbuild/linux-s390x": "0.16.4",
        "@esbuild/linux-x64": "0.16.4",
        "@esbuild/netbsd-x64": "0.16.4",
        "@esbuild/openbsd-x64": "0.16.4",
        "@esbuild/sunos-x64": "0.16.4",
        "@esbuild/win32-arm64": "0.16.4",
        "@esbuild/win32-ia32": "0.16.4",
        "@esbuild/win32-x64": "0.16.4"
      }
    },
    "fs.realpath": {
      "version": "1.0.0",
      "resolved": "https://registry.npmjs.org/fs.realpath/-/fs.realpath-1.0.0.tgz",
      "integrity": "sha512-OO0pH2lK6a0hZnAdau5ItzHPI6pUlvI7jMVnxUQRtw4owF2wk8lOSabtGDCTP4Ggrg2MbGnWO9X8K1t4+fGMDw=="
    },
    "function-bind": {
      "version": "1.1.1",
      "resolved": "https://registry.npmjs.org/function-bind/-/function-bind-1.1.1.tgz",
      "integrity": "sha512-yIovAzMX49sF8Yl58fSCWJ5svSLuaibPxXQJFLmBObTuCr0Mf1KiPopGM9NiFjiYBCbfaa2Fh6breQ6ANVTI0A=="
    },
    "glob": {
      "version": "7.2.3",
      "resolved": "https://registry.npmjs.org/glob/-/glob-7.2.3.tgz",
      "integrity": "sha512-nFR0zLpU2YCaRxwoCJvL6UvCH2JFyFVIvwTLsIf21AuHlMskA1hhTdk+LlYJtOlYt9v6dvszD2BGRqBL+iQK9Q==",
      "requires": {
        "fs.realpath": "^1.0.0",
        "inflight": "^1.0.4",
        "inherits": "2",
        "minimatch": "^3.1.1",
        "once": "^1.3.0",
        "path-is-absolute": "^1.0.0"
      }
    },
    "has": {
      "version": "1.0.3",
      "resolved": "https://registry.npmjs.org/has/-/has-1.0.3.tgz",
      "integrity": "sha512-f2dvO0VU6Oej7RkWJGrehjbzMAjFp5/VKPp5tTpWIV4JHHZK1/BxbFRtf/siA2SWTe09caDmVtYYzWEIbBS4zw==",
      "requires": {
        "function-bind": "^1.1.1"
      }
    },
    "inflight": {
      "version": "1.0.6",
      "resolved": "https://registry.npmjs.org/inflight/-/inflight-1.0.6.tgz",
      "integrity": "sha512-k92I/b08q4wvFscXCLvqfsHCrjrF7yiXsQuIVvVE7N82W3+aqpzuUdBbfhWcy/FZR3/4IgflMgKLOsvPDrGCJA==",
      "requires": {
        "once": "^1.3.0",
        "wrappy": "1"
      }
    },
    "inherits": {
      "version": "2.0.4",
      "resolved": "https://registry.npmjs.org/inherits/-/inherits-2.0.4.tgz",
      "integrity": "sha512-k/vGaX4/Yla3WzyMCvTQOXYeIHvqOKtnqBduzTHpzpQZzAskKMhZ2K+EnBiSM9zGSoIFeMpXKxa4dYeZIQqewQ=="
    },
    "interpret": {
      "version": "1.4.0",
      "resolved": "https://registry.npmjs.org/interpret/-/interpret-1.4.0.tgz",
      "integrity": "sha512-agE4QfB2Lkp9uICn7BAqoscw4SZP9kTE2hxiFI3jBPmXJfdqiahTbUuKGsMoN2GtqL9AxhYioAcVvgsb1HvRbA=="
    },
    "is-core-module": {
      "version": "2.11.0",
      "resolved": "https://registry.npmjs.org/is-core-module/-/is-core-module-2.11.0.tgz",
      "integrity": "sha512-RRjxlvLDkD1YJwDbroBHMb+cukurkDWNyHx7D3oNB5x9rb5ogcksMC5wHCadcXoo67gVr/+3GFySh3134zi6rw==",
      "requires": {
        "has": "^1.0.3"
      }
    },
    "minimatch": {
      "version": "3.1.2",
      "resolved": "https://registry.npmjs.org/minimatch/-/minimatch-3.1.2.tgz",
      "integrity": "sha512-J7p63hRiAjw1NDEww1W7i37+ByIrOWO5XQQAzZ3VOcL0PNybwpfmV/N05zFAzwQ9USyEcX6t3UO+K5aqBQOIHw==",
      "requires": {
        "brace-expansion": "^1.1.7"
      }
    },
    "minimist": {
      "version": "1.2.7",
      "resolved": "https://registry.npmjs.org/minimist/-/minimist-1.2.7.tgz",
      "integrity": "sha512-bzfL1YUZsP41gmu/qjrEk0Q6i2ix/cVeAhbCbqH9u3zYutS1cLg00qhrD0M2MVdCcx4Sc0UpP2eBWo9rotpq6g=="
    },
    "once": {
      "version": "1.4.0",
      "resolved": "https://registry.npmjs.org/once/-/once-1.4.0.tgz",
      "integrity": "sha512-lNaJgI+2Q5URQBkccEKHTQOPaXdUxnZZElQTZY0MFUAuaEqe1E+Nyvgdz/aIyNi6Z9MzO5dv1H8n58/GELp3+w==",
      "requires": {
        "wrappy": "1"
      }
    },
    "path-is-absolute": {
      "version": "1.0.1",
      "resolved": "https://registry.npmjs.org/path-is-absolute/-/path-is-absolute-1.0.1.tgz",
      "integrity": "sha512-AVbw3UJ2e9bq64vSaS9Am0fje1Pa8pbGqTTsmXfaIiMpnr5DlDhfJOuLj9Sf95ZPVDAUerDfEk88MPmPe7UCQg=="
    },
    "path-parse": {
      "version": "1.0.7",
      "resolved": "https://registry.npmjs.org/path-parse/-/path-parse-1.0.7.tgz",
      "integrity": "sha512-LDJzPVEEEPR+y48z93A0Ed0yXb8pAByGWo/k5YYdYgpY2/2EsOsksJrq7lOHxryrVOn1ejG6oAp8ahvOIQD8sw=="
    },
    "rechoir": {
      "version": "0.6.2",
      "resolved": "https://registry.npmjs.org/rechoir/-/rechoir-0.6.2.tgz",
      "integrity": "sha512-HFM8rkZ+i3zrV+4LQjwQ0W+ez98pApMGM3HUrN04j3CqzPOzl9nmP15Y8YXNm8QHGv/eacOVEjqhmWpkRV0NAw==",
      "requires": {
        "resolve": "^1.1.6"
      }
    },
    "resolve": {
      "version": "1.22.1",
      "resolved": "https://registry.npmjs.org/resolve/-/resolve-1.22.1.tgz",
      "integrity": "sha512-nBpuuYuY5jFsli/JIs1oldw6fOQCBioohqWZg/2hiaOybXOft4lonv85uDOKXdf8rhyK159cxU5cDcK/NKk8zw==",
      "requires": {
        "is-core-module": "^2.9.0",
        "path-parse": "^1.0.7",
        "supports-preserve-symlinks-flag": "^1.0.0"
      }
    },
    "shelljs": {
      "version": "0.8.5",
      "resolved": "https://registry.npmjs.org/shelljs/-/shelljs-0.8.5.tgz",
      "integrity": "sha512-TiwcRcrkhHvbrZbnRcFYMLl30Dfov3HKqzp5tO5b4pt6G/SezKcYhmDg15zXVBswHmctSAQKznqNW2LO5tTDow==",
      "requires": {
        "glob": "^7.0.0",
        "interpret": "^1.0.0",
        "rechoir": "^0.6.2"
      }
    },
    "shx": {
      "version": "0.3.4",
      "resolved": "https://registry.npmjs.org/shx/-/shx-0.3.4.tgz",
      "integrity": "sha512-N6A9MLVqjxZYcVn8hLmtneQWIJtp8IKzMP4eMnx+nqkvXoqinUPCbUFLp2UcWTEIUONhlk0ewxr/jaVGlc+J+g==",
      "requires": {
        "minimist": "^1.2.3",
        "shelljs": "^0.8.5"
      }
    },
    "strip-filename-increment": {
      "version": "2.0.1",
      "resolved": "https://registry.npmjs.org/strip-filename-increment/-/strip-filename-increment-2.0.1.tgz",
      "integrity": "sha512-+v5xsiTTsdYqkPj7qz1zlngIsjZedhHDi3xp/9bMurV8kXe9DAr732gNVqtt4X8sI3hOqS3nlFfps5gyVcux6w=="
    },
    "supports-preserve-symlinks-flag": {
      "version": "1.0.0",
      "resolved": "https://registry.npmjs.org/supports-preserve-symlinks-flag/-/supports-preserve-symlinks-flag-1.0.0.tgz",
      "integrity": "sha512-ot0WnXS9fgdkgIcePe6RHNk1WA8+muPa6cSjeR3V8K27q9BB1rTE3R1p7Hv0z1ZyAc8s6Vvv8DIyWf681MAt0w=="
    },
    "wrappy": {
      "version": "1.0.2",
      "resolved": "https://registry.npmjs.org/wrappy/-/wrappy-1.0.2.tgz",
      "integrity": "sha512-l4Sp/DRseor9wL6EvV2+TuQn63dMkPjZ/sp9XkghTEbV9KlPS1xUsZ3u7/IQO4wxtcFB4bgpQPRcR3QCvezPcQ=="
    },
    "write": {
      "version": "2.0.0",
      "resolved": "https://registry.npmjs.org/write/-/write-2.0.0.tgz",
      "integrity": "sha512-yam9TAqN8sAZokECAejo9HpT2j2s39OgK8i8yxadrFBVo+iSWLfnipRVFulfAw1d2dz5vSuGmlMHYRKG4fysOA==",
      "requires": {
        "add-filename-increment": "^1.0.0"
      }
    }
  }
}
